
Microsoft Visual Studio Solution File, Format Version 12.00
# Visual Studio Version 17
VisualStudioVersion = 17.8.34309.116
MinimumVisualStudioVersion = 10.0.40219.1
Project("{FAE04EC0-301F-11D3-BF4B-00C04F79EFBC}") = "Data Logger 1.3", "Data Logger 1.3.csproj", "{13D22E86-4C3F-47CC-AB4A-CDF50A92B4CA}"
EndProject
Global
	GlobalSection(SolutionConfigurationPlatforms) = preSolution
		Debug|Any CPU = Debug|Any CPU
		Release|Any CPU = Release|Any CPU
	EndGlobalSection
	GlobalSection(ProjectConfigurationPlatforms) = postSolution
		{13D22E86-4C3F-47CC-AB4A-CDF50A92B4CA}.Debug|Any CPU.ActiveCfg = Debug|Any CPU
		{13D22E86-4C3F-47CC-AB4A-CDF50A92B4CA}.Debug|Any CPU.Build.0 = Debug|Any CPU
		{13D22E86-4C3F-47CC-AB4A-CDF50A92B4CA}.Release|Any CPU.ActiveCfg = Release|Any CPU
		{13D22E86-4C3F-47CC-AB4A-CDF50A92B4CA}.Release|Any CPU.Build.0 = Release|Any CPU
	EndGlobalSection
	GlobalSection(SolutionProperties) = preSolution
		HideSolutionNode = FALSE
	EndGlobalSection
	GlobalSection(ExtensibilityGlobals) = postSolution
		SolutionGuid = {93E92C46-5687-4DE6-B0C7-5400D906B259}
	EndGlobalSection
EndGlobal
